
Microsoft Visual Studio Solution File, Format Version 12.00
# Visual Studio Version 17
VisualStudioVersion = 17.11.35327.3
MinimumVisualStudioVersion = 10.0.40219.1
Project("{2150E333-8FDC-42A3-9474-1A3956D46DE8}") = "Task0", "Task0", "{DB1326C9-5308-475A-90C3-E167432BA1B8}"
EndProject
Project("{9A19103F-16F7-4668-BE54-9A1E7A4F7556}") = "Tyuiu.ShanginAA.Sprint1.Task0.V1", "Tyuiu.ShanginAA.Sprint1.Task0.V1\Tyuiu.ShanginAA.Sprint1.Task0.V1.csproj", "{91D1D092-4E70-46F7-ACA9-79FA5BEBE6ED}"
EndProject
Project("{9A19103F-16F7-4668-BE54-9A1E7A4F7556}") = "Tyuiu.ShanginAA.Sprint1.Task0.V1.Lib", "Tyuiu.ShanginAA.Sprint1.Task0.V1.Lib\Tyuiu.ShanginAA.Sprint1.Task0.V1.Lib.csproj", "{16A2DCD4-3B24-4832-811A-1F7A33E4D880}"
EndProject
Project("{9A19103F-16F7-4668-BE54-9A1E7A4F7556}") = "Tyuiu.ShanginAA.Sprint1.Task0.V1.Test", "Tyuiu.ShanginAA.Sprint1.Task0.V1.Test\Tyuiu.ShanginAA.Sprint1.Task0.V1.Test.csproj", "{DC9C9F8B-E61A-4F6F-9D3D-9DAC4A215490}"
EndProject
Project("{2150E333-8FDC-42A3-9474-1A3956D46DE8}") = "Task1", "Task1", "{99437DE8-4CA5-4AE5-9685-756450CE83B1}"
EndProject
Project("{9A19103F-16F7-4668-BE54-9A1E7A4F7556}") = "Tyuiu.ShanginAA.Sprint1.Task1.V30", "Tyuiu.ShanginAA.Sprint1.Task1.V30\Tyuiu.ShanginAA.Sprint1.Task1.V30.csproj", "{5944FD27-FDAD-4270-B4F1-5A1A298F592C}"
EndProject
Project("{9A19103F-16F7-4668-BE54-9A1E7A4F7556}") = "Tyuiu.ShanginAA.Sprint1.Task1.V30.Lib", "Tyuiu.ShanginAA.Sprint1.Task1.V30.Lib\Tyuiu.ShanginAA.Sprint1.Task1.V30.Lib.csproj", "{8F8EDC8D-D09F-4BC5-8D13-252D8B40547A}"
EndProject
Project("{9A19103F-16F7-4668-BE54-9A1E7A4F7556}") = "Tyuiu.ShanginAA.Sprint1.Task1.V30.Test", "Tyuiu.ShanginAA.Sprint1.Task1.V30.Test\Tyuiu.ShanginAA.Sprint1.Task1.V30.Test.csproj", "{B323049A-5241-4F1C-B8AB-60487A5F7EDB}"
EndProject
Project("{2150E333-8FDC-42A3-9474-1A3956D46DE8}") = "Task2", "Task2", "{451111BE-4047-41D0-BC36-310AD6BA1566}"
EndProject
Project("{9A19103F-16F7-4668-BE54-9A1E7A4F7556}") = "Tyuiu.ShanginAA.Sprint1.Task2.V6", "Tyuiu.ShanginAA.Sprint1.Task2.V6\Tyuiu.ShanginAA.Sprint1.Task2.V6.csproj", "{6FCC9812-0EA3-47D0-BF2B-4E715E98674B}"
EndProject
Project("{9A19103F-16F7-4668-BE54-9A1E7A4F7556}") = "Tyuiu.ShanginAA.Sprint1.Task2.V6.Lib", "Tyuiu.ShanginAA.Sprint1.Task2.V6.Lib\Tyuiu.ShanginAA.Sprint1.Task2.V6.Lib.csproj", "{A0551869-9B4E-4FE1-8EA8-94346830345F}"
EndProject
Project("{9A19103F-16F7-4668-BE54-9A1E7A4F7556}") = "Tyuiu.ShanginAA.Sprint1.Task2.V6.Test", "Tyuiu.ShanginAA.Sprint1.Task2.V6.Test\Tyuiu.ShanginAA.Sprint1.Task2.V6.Test.csproj", "{4D0E4800-0811-4C7A-8119-4D0BBDB9675A}"
EndProject
Project("{2150E333-8FDC-42A3-9474-1A3956D46DE8}") = "Task3", "Task3", "{080582FD-F280-4573-AD2C-84406EF6253F}"
EndProject
Project("{FAE04EC0-301F-11D3-BF4B-00C04F79EFBC}") = "Tyuiu.ShanginAA.Sprint1.Task3.V12", "Tyuiu.ShanginAA.Sprint1.Task3.V12\Tyuiu.ShanginAA.Sprint1.Task3.V12.csproj", "{69E88C21-3264-476B-BF11-07B6AA03C0A9}"
EndProject
Project("{FAE04EC0-301F-11D3-BF4B-00C04F79EFBC}") = "Tyuiu.ShanginAA.Sprint1.Task3.V12.Lib", "Tyuiu.ShanginAA.Sprint1.Task3.V12.Lib\Tyuiu.ShanginAA.Sprint1.Task3.V12.Lib.csproj", "{40CF748B-52A2-416B-8147-062AEB04A251}"
EndProject
Project("{FAE04EC0-301F-11D3-BF4B-00C04F79EFBC}") = "Tyuiu.ShanginAA.Sprint1.Task3.V12.Test", "Tyuiu.ShanginAA.Sprint1.Task3.V12.Test\Tyuiu.ShanginAA.Sprint1.Task3.V12.Test.csproj", "{559F0135-C287-4838-9D6E-BB8C0D11D64B}"
EndProject
Project("{2150E333-8FDC-42A3-9474-1A3956D46DE8}") = "Task4", "Task4", "{3BFF557A-4412-47D7-B707-FA0BEBC96A27}"
EndProject
Project("{FAE04EC0-301F-11D3-BF4B-00C04F79EFBC}") = "Tyuiu.ShanginAA.Sprint1.Task4.V28", "Tyuiu.ShanginAA.Sprint1.Task4.V28\Tyuiu.ShanginAA.Sprint1.Task4.V28.csproj", "{CDD5643B-AA70-4DAA-B0C2-3A4DFFF3429B}"
EndProject
Project("{FAE04EC0-301F-11D3-BF4B-00C04F79EFBC}") = "Tyuiu.ShanginAA.Sprint1.Task4.V28.Lib", "Tyuiu.ShanginAA.Sprint1.Task4.V28.Lib\Tyuiu.ShanginAA.Sprint1.Task4.V28.Lib.csproj", "{D532B727-7D44-48B0-B2BA-9FF7EEBE40E0}"
EndProject
Project("{FAE04EC0-301F-11D3-BF4B-00C04F79EFBC}") = "Tyuiu.ShanginAA.Sprint1.Task4.V28.Test", "Tyuiu.ShanginAA.Sprint1.Task4.V28.Test\Tyuiu.ShanginAA.Sprint1.Task4.V28.Test.csproj", "{81F55012-A439-496B-B8CB-AB3528F58E6B}"
EndProject
Global
	GlobalSection(SolutionConfigurationPlatforms) = preSolution
		Debug|Any CPU = Debug|Any CPU
		Release|Any CPU = Release|Any CPU
	EndGlobalSection
	GlobalSection(ProjectConfigurationPlatforms) = postSolution
		{91D1D092-4E70-46F7-ACA9-79FA5BEBE6ED}.Debug|Any CPU.ActiveCfg = Debug|Any CPU
		{91D1D092-4E70-46F7-ACA9-79FA5BEBE6ED}.Debug|Any CPU.Build.0 = Debug|Any CPU
		{91D1D092-4E70-46F7-ACA9-79FA5BEBE6ED}.Release|Any CPU.ActiveCfg = Release|Any CPU
		{91D1D092-4E70-46F7-ACA9-79FA5BEBE6ED}.Release|Any CPU.Build.0 = Release|Any CPU
		{16A2DCD4-3B24-4832-811A-1F7A33E4D880}.Debug|Any CPU.ActiveCfg = Debug|Any CPU
		{16A2DCD4-3B24-4832-811A-1F7A33E4D880}.Debug|Any CPU.Build.0 = Debug|Any CPU
		{16A2DCD4-3B24-4832-811A-1F7A33E4D880}.Release|Any CPU.ActiveCfg = Release|Any CPU
		{16A2DCD4-3B24-4832-811A-1F7A33E4D880}.Release|Any CPU.Build.0 = Release|Any CPU
		{DC9C9F8B-E61A-4F6F-9D3D-9DAC4A215490}.Debug|Any CPU.ActiveCfg = Debug|Any CPU
		{DC9C9F8B-E61A-4F6F-9D3D-9DAC4A215490}.Debug|Any CPU.Build.0 = Debug|Any CPU
		{DC9C9F8B-E61A-4F6F-9D3D-9DAC4A215490}.Release|Any CPU.ActiveCfg = Release|Any CPU
		{DC9C9F8B-E61A-4F6F-9D3D-9DAC4A215490}.Release|Any CPU.Build.0 = Release|Any CPU
		{5944FD27-FDAD-4270-B4F1-5A1A298F592C}.Debug|Any CPU.ActiveCfg = Debug|Any CPU
		{5944FD27-FDAD-4270-B4F1-5A1A298F592C}.Debug|Any CPU.Build.0 = Debug|Any CPU
		{5944FD27-FDAD-4270-B4F1-5A1A298F592C}.Release|Any CPU.ActiveCfg = Release|Any CPU
		{5944FD27-FDAD-4270-B4F1-5A1A298F592C}.Release|Any CPU.Build.0 = Release|Any CPU
		{8F8EDC8D-D09F-4BC5-8D13-252D8B40547A}.Debug|Any CPU.ActiveCfg = Debug|Any CPU
		{8F8EDC8D-D09F-4BC5-8D13-252D8B40547A}.Debug|Any CPU.Build.0 = Debug|Any CPU
		{8F8EDC8D-D09F-4BC5-8D13-252D8B40547A}.Release|Any CPU.ActiveCfg = Release|Any CPU
		{8F8EDC8D-D09F-4BC5-8D13-252D8B40547A}.Release|Any CPU.Build.0 = Release|Any CPU
		{B323049A-5241-4F1C-B8AB-60487A5F7EDB}.Debug|Any CPU.ActiveCfg = Debug|Any CPU
		{B323049A-5241-4F1C-B8AB-60487A5F7EDB}.Debug|Any CPU.Build.0 = Debug|Any CPU
		{B323049A-5241-4F1C-B8AB-60487A5F7EDB}.Release|Any CPU.ActiveCfg = Release|Any CPU
		{B323049A-5241-4F1C-B8AB-60487A5F7EDB}.Release|Any CPU.Build.0 = Release|Any CPU
		{6FCC9812-0EA3-47D0-BF2B-4E715E98674B}.Debug|Any CPU.ActiveCfg = Debug|Any CPU
		{6FCC9812-0EA3-47D0-BF2B-4E715E98674B}.Debug|Any CPU.Build.0 = Debug|Any CPU
		{6FCC9812-0EA3-47D0-BF2B-4E715E98674B}.Release|Any CPU.ActiveCfg = Release|Any CPU
		{6FCC9812-0EA3-47D0-BF2B-4E715E98674B}.Release|Any CPU.Build.0 = Release|Any CPU
		{A0551869-9B4E-4FE1-8EA8-94346830345F}.Debug|Any CPU.ActiveCfg = Debug|Any CPU
		{A0551869-9B4E-4FE1-8EA8-94346830345F}.Debug|Any CPU.Build.0 = Debug|Any CPU
		{A0551869-9B4E-4FE1-8EA8-94346830345F}.Release|Any CPU.ActiveCfg = Release|Any CPU
		{A0551869-9B4E-4FE1-8EA8-94346830345F}.Release|Any CPU.Build.0 = Release|Any CPU
		{4D0E4800-0811-4C7A-8119-4D0BBDB9675A}.Debug|Any CPU.ActiveCfg = Debug|Any CPU
		{4D0E4800-0811-4C7A-8119-4D0BBDB9675A}.Debug|Any CPU.Build.0 = Debug|Any CPU
		{4D0E4800-0811-4C7A-8119-4D0BBDB9675A}.Release|Any CPU.ActiveCfg = Release|Any CPU
		{4D0E4800-0811-4C7A-8119-4D0BBDB9675A}.Release|Any CPU.Build.0 = Release|Any CPU
		{69E88C21-3264-476B-BF11-07B6AA03C0A9}.Debug|Any CPU.ActiveCfg = Debug|Any CPU
		{69E88C21-3264-476B-BF11-07B6AA03C0A9}.Debug|Any CPU.Build.0 = Debug|Any CPU
		{69E88C21-3264-476B-BF11-07B6AA03C0A9}.Release|Any CPU.ActiveCfg = Release|Any CPU
		{69E88C21-3264-476B-BF11-07B6AA03C0A9}.Release|Any CPU.Build.0 = Release|Any CPU
		{40CF748B-52A2-416B-8147-062AEB04A251}.Debug|Any CPU.ActiveCfg = Debug|Any CPU
		{40CF748B-52A2-416B-8147-062AEB04A251}.Debug|Any CPU.Build.0 = Debug|Any CPU
		{40CF748B-52A2-416B-8147-062AEB04A251}.Release|Any CPU.ActiveCfg = Release|Any CPU
		{40CF748B-52A2-416B-8147-062AEB04A251}.Release|Any CPU.Build.0 = Release|Any CPU
		{559F0135-C287-4838-9D6E-BB8C0D11D64B}.Debug|Any CPU.ActiveCfg = Debug|Any CPU
		{559F0135-C287-4838-9D6E-BB8C0D11D64B}.Debug|Any CPU.Build.0 = Debug|Any CPU
		{559F0135-C287-4838-9D6E-BB8C0D11D64B}.Release|Any CPU.ActiveCfg = Release|Any CPU
		{559F0135-C287-4838-9D6E-BB8C0D11D64B}.Release|Any CPU.Build.0 = Release|Any CPU
		{CDD5643B-AA70-4DAA-B0C2-3A4DFFF3429B}.Debug|Any CPU.ActiveCfg = Debug|Any CPU
		{CDD5643B-AA70-4DAA-B0C2-3A4DFFF3429B}.Debug|Any CPU.Build.0 = Debug|Any CPU
		{CDD5643B-AA70-4DAA-B0C2-3A4DFFF3429B}.Release|Any CPU.ActiveCfg = Release|Any CPU
		{CDD5643B-AA70-4DAA-B0C2-3A4DFFF3429B}.Release|Any CPU.Build.0 = Release|Any CPU
		{D532B727-7D44-48B0-B2BA-9FF7EEBE40E0}.Debug|Any CPU.ActiveCfg = Debug|Any CPU
		{D532B727-7D44-48B0-B2BA-9FF7EEBE40E0}.Debug|Any CPU.Build.0 = Debug|Any CPU
		{D532B727-7D44-48B0-B2BA-9FF7EEBE40E0}.Release|Any CPU.ActiveCfg = Release|Any CPU
		{D532B727-7D44-48B0-B2BA-9FF7EEBE40E0}.Release|Any CPU.Build.0 = Release|Any CPU
		{81F55012-A439-496B-B8CB-AB3528F58E6B}.Debug|Any CPU.ActiveCfg = Debug|Any CPU
		{81F55012-A439-496B-B8CB-AB3528F58E6B}.Debug|Any CPU.Build.0 = Debug|Any CPU
		{81F55012-A439-496B-B8CB-AB3528F58E6B}.Release|Any CPU.ActiveCfg = Release|Any CPU
		{81F55012-A439-496B-B8CB-AB3528F58E6B}.Release|Any CPU.Build.0 = Release|Any CPU
	EndGlobalSection
	GlobalSection(SolutionProperties) = preSolution
		HideSolutionNode = FALSE
	EndGlobalSection
	GlobalSection(NestedProjects) = preSolution
		{91D1D092-4E70-46F7-ACA9-79FA5BEBE6ED} = {DB1326C9-5308-475A-90C3-E167432BA1B8}
		{16A2DCD4-3B24-4832-811A-1F7A33E4D880} = {DB1326C9-5308-475A-90C3-E167432BA1B8}
		{DC9C9F8B-E61A-4F6F-9D3D-9DAC4A215490} = {DB1326C9-5308-475A-90C3-E167432BA1B8}
		{5944FD27-FDAD-4270-B4F1-5A1A298F592C} = {99437DE8-4CA5-4AE5-9685-756450CE83B1}
		{8F8EDC8D-D09F-4BC5-8D13-252D8B40547A} = {99437DE8-4CA5-4AE5-9685-756450CE83B1}
		{B323049A-5241-4F1C-B8AB-60487A5F7EDB} = {99437DE8-4CA5-4AE5-9685-756450CE83B1}
		{6FCC9812-0EA3-47D0-BF2B-4E715E98674B} = {451111BE-4047-41D0-BC36-310AD6BA1566}
		{A0551869-9B4E-4FE1-8EA8-94346830345F} = {451111BE-4047-41D0-BC36-310AD6BA1566}
		{4D0E4800-0811-4C7A-8119-4D0BBDB9675A} = {451111BE-4047-41D0-BC36-310AD6BA1566}
		{69E88C21-3264-476B-BF11-07B6AA03C0A9} = {080582FD-F280-4573-AD2C-84406EF6253F}
		{40CF748B-52A2-416B-8147-062AEB04A251} = {080582FD-F280-4573-AD2C-84406EF6253F}
		{559F0135-C287-4838-9D6E-BB8C0D11D64B} = {080582FD-F280-4573-AD2C-84406EF6253F}
		{CDD5643B-AA70-4DAA-B0C2-3A4DFFF3429B} = {3BFF557A-4412-47D7-B707-FA0BEBC96A27}
		{D532B727-7D44-48B0-B2BA-9FF7EEBE40E0} = {3BFF557A-4412-47D7-B707-FA0BEBC96A27}
		{81F55012-A439-496B-B8CB-AB3528F58E6B} = {3BFF557A-4412-47D7-B707-FA0BEBC96A27}
	EndGlobalSection
	GlobalSection(ExtensibilityGlobals) = postSolution
		SolutionGuid = {6893A234-D91F-4DB9-A9B6-A3C3289C7E5C}
	EndGlobalSection
EndGlobal
